
Microsoft Visual Studio Solution File, Format Version 12.00
# Visual Studio Version 17
VisualStudioVersion = 17.5.33424.131
MinimumVisualStudioVersion = 10.0.40219.1
Project("{FAE04EC0-301F-11D3-BF4B-00C04F79EFBC}") = "FunctionApp2", "FunctionApp2.csproj", "{6EABA15E-24B4-4DF4-A3BC-C5EE168F2FD7}"
EndProject
Global
	GlobalSection(SolutionConfigurationPlatforms) = preSolution
		Debug|Any CPU = Debug|Any CPU
		Release|Any CPU = Release|Any CPU
	EndGlobalSection
	GlobalSection(ProjectConfigurationPlatforms) = postSolution
		{6EABA15E-24B4-4DF4-A3BC-C5EE168F2FD7}.Debug|Any CPU.ActiveCfg = Debug|Any CPU
		{6EABA15E-24B4-4DF4-A3BC-C5EE168F2FD7}.Debug|Any CPU.Build.0 = Debug|Any CPU
		{6EABA15E-24B4-4DF4-A3BC-C5EE168F2FD7}.Release|Any CPU.ActiveCfg = Release|Any CPU
		{6EABA15E-24B4-4DF4-A3BC-C5EE168F2FD7}.Release|Any CPU.Build.0 = Release|Any CPU
	EndGlobalSection
	GlobalSection(SolutionProperties) = preSolution
		HideSolutionNode = FALSE
	EndGlobalSection
	GlobalSection(ExtensibilityGlobals) = postSolution
		SolutionGuid = {4C2F2F70-06BF-49E8-8E4D-68990F5FBE32}
	EndGlobalSection
EndGlobal
